
Microsoft Visual Studio Solution File, Format Version 12.00
# Visual Studio Version 17
VisualStudioVersion = 17.6.33723.286
MinimumVisualStudioVersion = 10.0.40219.1
Project("{2150E333-8FDC-42A3-9474-1A3956D46DE8}") = "Presentation Layer", "Presentation Layer", "{146BF1C4-962A-421D-A507-94FEC9DD95E0}"
EndProject
Project("{2150E333-8FDC-42A3-9474-1A3956D46DE8}") = "Bussiness Layer", "Bussiness Layer", "{4574237E-197D-4FF0-A063-C3AC6AE485F7}"
EndProject
Project("{2150E333-8FDC-42A3-9474-1A3956D46DE8}") = "Data Layer", "Data Layer", "{F6EF982E-2BE3-4A25-8D2B-88CA5C91ABD2}"
EndProject
Project("{9A19103F-16F7-4668-BE54-9A1E7A4F7556}") = "DataAccess", "DataAccess\DataAccess.csproj", "{FDFA2572-F3A1-410C-9150-C1DA5E8E324D}"
EndProject
Project("{9A19103F-16F7-4668-BE54-9A1E7A4F7556}") = "BussinessObject", "BussinessObject\BussinessObject.csproj", "{51790570-9EB8-46BC-B4C9-F085D97F01B8}"
EndProject
Project("{FAE04EC0-301F-11D3-BF4B-00C04F79EFBC}") = "SalesWinApp", "SalesWinApp\SalesWinApp.csproj", "{45825C90-E0E6-4A8A-8D32-5AFE78F04E6E}"
EndProject
Global
	GlobalSection(SolutionConfigurationPlatforms) = preSolution
		Debug|Any CPU = Debug|Any CPU
		Release|Any CPU = Release|Any CPU
	EndGlobalSection
	GlobalSection(ProjectConfigurationPlatforms) = postSolution
		{FDFA2572-F3A1-410C-9150-C1DA5E8E324D}.Debug|Any CPU.ActiveCfg = Debug|Any CPU
		{FDFA2572-F3A1-410C-9150-C1DA5E8E324D}.Debug|Any CPU.Build.0 = Debug|Any CPU
		{FDFA2572-F3A1-410C-9150-C1DA5E8E324D}.Release|Any CPU.ActiveCfg = Release|Any CPU
		{FDFA2572-F3A1-410C-9150-C1DA5E8E324D}.Release|Any CPU.Build.0 = Release|Any CPU
		{51790570-9EB8-46BC-B4C9-F085D97F01B8}.Debug|Any CPU.ActiveCfg = Debug|Any CPU
		{51790570-9EB8-46BC-B4C9-F085D97F01B8}.Debug|Any CPU.Build.0 = Debug|Any CPU
		{51790570-9EB8-46BC-B4C9-F085D97F01B8}.Release|Any CPU.ActiveCfg = Release|Any CPU
		{51790570-9EB8-46BC-B4C9-F085D97F01B8}.Release|Any CPU.Build.0 = Release|Any CPU
		{45825C90-E0E6-4A8A-8D32-5AFE78F04E6E}.Debug|Any CPU.ActiveCfg = Debug|Any CPU
		{45825C90-E0E6-4A8A-8D32-5AFE78F04E6E}.Debug|Any CPU.Build.0 = Debug|Any CPU
		{45825C90-E0E6-4A8A-8D32-5AFE78F04E6E}.Release|Any CPU.ActiveCfg = Release|Any CPU
		{45825C90-E0E6-4A8A-8D32-5AFE78F04E6E}.Release|Any CPU.Build.0 = Release|Any CPU
	EndGlobalSection
	GlobalSection(SolutionProperties) = preSolution
		HideSolutionNode = FALSE
	EndGlobalSection
	GlobalSection(NestedProjects) = preSolution
		{FDFA2572-F3A1-410C-9150-C1DA5E8E324D} = {F6EF982E-2BE3-4A25-8D2B-88CA5C91ABD2}
		{51790570-9EB8-46BC-B4C9-F085D97F01B8} = {4574237E-197D-4FF0-A063-C3AC6AE485F7}
		{45825C90-E0E6-4A8A-8D32-5AFE78F04E6E} = {146BF1C4-962A-421D-A507-94FEC9DD95E0}
	EndGlobalSection
	GlobalSection(ExtensibilityGlobals) = postSolution
		SolutionGuid = {EC5EA6DA-C87B-466E-91E1-27A6FE65ABC9}
	EndGlobalSection
EndGlobal
